
Microsoft Visual Studio Solution File, Format Version 12.00
Project("{FAE04EC0-301F-11D3-BF4B-00C04F79EFBC}") = "FileStorageService.API", "FileStorageService.API\FileStorageService.API.csproj", "{3BF27FAE-BBDB-4D99-BAE5-CE384BC69DDB}"
EndProject
Project("{2150E333-8FDC-42A3-9474-1A3956D46DE8}") = "Solution Items", "Solution Items", "{0912F45B-0A8D-4441-874B-68026F929A4F}"
	ProjectSection(SolutionItems) = preProject
		compose.yaml = compose.yaml
	EndProjectSection
EndProject
Global
	GlobalSection(SolutionConfigurationPlatforms) = preSolution
		Debug|Any CPU = Debug|Any CPU
		Release|Any CPU = Release|Any CPU
	EndGlobalSection
	GlobalSection(ProjectConfigurationPlatforms) = postSolution
		{3BF27FAE-BBDB-4D99-BAE5-CE384BC69DDB}.Debug|Any CPU.ActiveCfg = Debug|Any CPU
		{3BF27FAE-BBDB-4D99-BAE5-CE384BC69DDB}.Debug|Any CPU.Build.0 = Debug|Any CPU
		{3BF27FAE-BBDB-4D99-BAE5-CE384BC69DDB}.Release|Any CPU.ActiveCfg = Release|Any CPU
		{3BF27FAE-BBDB-4D99-BAE5-CE384BC69DDB}.Release|Any CPU.Build.0 = Release|Any CPU
	EndGlobalSection
EndGlobal
